
Microsoft Visual Studio Solution File, Format Version 12.00
# Visual Studio Version 16
VisualStudioVersion = 16.0.31613.86
MinimumVisualStudioVersion = 10.0.40219.1
Project("{FAE04EC0-301F-11D3-BF4B-00C04F79EFBC}") = "PS4 BO3 GSC", "PS4 BO3 GSC\PS4 BO3 GSC.csproj", "{2ECE5732-0DFA-4F75-AC9F-483C3BA4FF1F}"
EndProject
Global
	GlobalSection(SolutionConfigurationPlatforms) = preSolution
		Debug|Any CPU = Debug|Any CPU
		Release|Any CPU = Release|Any CPU
	EndGlobalSection
	GlobalSection(ProjectConfigurationPlatforms) = postSolution
		{2ECE5732-0DFA-4F75-AC9F-483C3BA4FF1F}.Debug|Any CPU.ActiveCfg = Debug|Any CPU
		{2ECE5732-0DFA-4F75-AC9F-483C3BA4FF1F}.Debug|Any CPU.Build.0 = Debug|Any CPU
		{2ECE5732-0DFA-4F75-AC9F-483C3BA4FF1F}.Release|Any CPU.ActiveCfg = Release|Any CPU
		{2ECE5732-0DFA-4F75-AC9F-483C3BA4FF1F}.Release|Any CPU.Build.0 = Release|Any CPU
	EndGlobalSection
	GlobalSection(SolutionProperties) = preSolution
		HideSolutionNode = FALSE
	EndGlobalSection
	GlobalSection(ExtensibilityGlobals) = postSolution
		SolutionGuid = {952B648A-56CC-466B-8E36-AEB67130B1F1}
	EndGlobalSection
EndGlobal
